// !$*UTF8*$!
{
	archiveVersion = 1;
	classes = {
	};
	objectVersion = 46;
	objects = {

/* Begin PBXBuildFile section */
		C255D6871E5674DD00455B47 /* DateCollectionViewCell.swift in Sources */ = {isa = PBXBuildFile; fileRef = C255D6861E5674DD00455B47 /* DateCollectionViewCell.swift */; };
		C255D6931E568C3300455B47 /* DateCollectionVC.swift in Sources */ = {isa = PBXBuildFile; fileRef = C255D6921E568C3300455B47 /* DateCollectionVC.swift */; };
		C255D6951E568C4800455B47 /* TimeCollectionVC.swift in Sources */ = {isa = PBXBuildFile; fileRef = C255D6941E568C4800455B47 /* TimeCollectionVC.swift */; };
		C255D6991E56BB6B00455B47 /* DateModel.swift in Sources */ = {isa = PBXBuildFile; fileRef = C255D6981E56BB6B00455B47 /* DateModel.swift */; };
		C255D69B1E56BFA000455B47 /* DateCollectionViewDataSource.swift in Sources */ = {isa = PBXBuildFile; fileRef = C255D69A1E56BFA000455B47 /* DateCollectionViewDataSource.swift */; };
		C255D69D1E56CE9100455B47 /* TimeModel.swift in Sources */ = {isa = PBXBuildFile; fileRef = C255D69C1E56CE9100455B47 /* TimeModel.swift */; };
		C255D69F1E56CEA500455B47 /* TimeCollectionViewDataSource.swift in Sources */ = {isa = PBXBuildFile; fileRef = C255D69E1E56CEA500455B47 /* TimeCollectionViewDataSource.swift */; };
		C255D6A11E56CEBC00455B47 /* TimeCollectionViewCell.swift in Sources */ = {isa = PBXBuildFile; fileRef = C255D6A01E56CEBC00455B47 /* TimeCollectionViewCell.swift */; };
		C255D6A31E573ECC00455B47 /* MassageOptionVC.swift in Sources */ = {isa = PBXBuildFile; fileRef = C255D6A21E573ECC00455B47 /* MassageOptionVC.swift */; };
		C255D6A51E576A0200455B47 /* TimeCustomFlowLayout.swift in Sources */ = {isa = PBXBuildFile; fileRef = C255D6A41E576A0200455B47 /* TimeCustomFlowLayout.swift */; };
		C255D6A71E5775CE00455B47 /* DateCustomFlowLayout.swift in Sources */ = {isa = PBXBuildFile; fileRef = C255D6A61E5775CE00455B47 /* DateCustomFlowLayout.swift */; };
		C255D6AA1E578CE500455B47 /* PickerViewDataSource.swift in Sources */ = {isa = PBXBuildFile; fileRef = C255D6A91E578CE500455B47 /* PickerViewDataSource.swift */; };
		C255D6AC1E578EB200455B47 /* PickerModel.swift in Sources */ = {isa = PBXBuildFile; fileRef = C255D6AB1E578EB200455B47 /* PickerModel.swift */; };
		C255D6AE1E59079300455B47 /* MyReservationVC.swift in Sources */ = {isa = PBXBuildFile; fileRef = C255D6AD1E59079300455B47 /* MyReservationVC.swift */; };
		C255D6B01E590D6D00455B47 /* MyReservationDataSource.swift in Sources */ = {isa = PBXBuildFile; fileRef = C255D6AF1E590D6D00455B47 /* MyReservationDataSource.swift */; };
		C255D6B21E59102F00455B47 /* MyReservationViewCell.swift in Sources */ = {isa = PBXBuildFile; fileRef = C255D6B11E59102F00455B47 /* MyReservationViewCell.swift */; };
		C255D6B41E591B3A00455B47 /* MyReservationCustomFlowLayout.swift in Sources */ = {isa = PBXBuildFile; fileRef = C255D6B31E591B3A00455B47 /* MyReservationCustomFlowLayout.swift */; };
		C255D6BA1E59659200455B47 /* WFCodingChallenge.xcdatamodeld in Sources */ = {isa = PBXBuildFile; fileRef = C255D6B81E59659200455B47 /* WFCodingChallenge.xcdatamodeld */; };
		C255D6F01E596D6700455B47 /* CoreDataStack.swift in Sources */ = {isa = PBXBuildFile; fileRef = C255D6EF1E596D6700455B47 /* CoreDataStack.swift */; };
		C2CCE57A1E55A0F20045BBC1 /* AppDelegate.swift in Sources */ = {isa = PBXBuildFile; fileRef = C2CCE5791E55A0F20045BBC1 /* AppDelegate.swift */; };
		C2CCE57F1E55A0F20045BBC1 /* Main.storyboard in Resources */ = {isa = PBXBuildFile; fileRef = C2CCE57D1E55A0F20045BBC1 /* Main.storyboard */; };
		C2CCE5811E55A0F20045BBC1 /* Assets.xcassets in Resources */ = {isa = PBXBuildFile; fileRef = C2CCE5801E55A0F20045BBC1 /* Assets.xcassets */; };
		C2CCE5841E55A0F20045BBC1 /* LaunchScreen.storyboard in Resources */ = {isa = PBXBuildFile; fileRef = C2CCE5821E55A0F20045BBC1 /* LaunchScreen.storyboard */; };
		C2CCE58C1E55A49B0045BBC1 /* SpaServiceVC.swift in Sources */ = {isa = PBXBuildFile; fileRef = C2CCE58B1E55A49B0045BBC1 /* SpaServiceVC.swift */; };
		C2CCE58E1E55DE820045BBC1 /* ScheduleVC.swift in Sources */ = {isa = PBXBuildFile; fileRef = C2CCE58D1E55DE820045BBC1 /* ScheduleVC.swift */; };
		C2CCE5911E55E5450045BBC1 /* ScrollView.swift in Sources */ = {isa = PBXBuildFile; fileRef = C2CCE5901E55E5450045BBC1 /* ScrollView.swift */; };
/* End PBXBuildFile section */

/* Begin PBXFileReference section */
		C255D6861E5674DD00455B47 /* DateCollectionViewCell.swift */ = {isa = PBXFileReference; fileEncoding = 4; lastKnownFileType = sourcecode.swift; path = DateCollectionViewCell.swift; sourceTree = "<group>"; };
		C255D6921E568C3300455B47 /* DateCollectionVC.swift */ = {isa = PBXFileReference; fileEncoding = 4; lastKnownFileType = sourcecode.swift; path = DateCollectionVC.swift; sourceTree = "<group>"; };
		C255D6941E568C4800455B47 /* TimeCollectionVC.swift */ = {isa = PBXFileReference; fileEncoding = 4; lastKnownFileType = sourcecode.swift; path = TimeCollectionVC.swift; sourceTree = "<group>"; };
		C255D6981E56BB6B00455B47 /* DateModel.swift */ = {isa = PBXFileReference; fileEncoding = 4; lastKnownFileType = sourcecode.swift; path = DateModel.swift; sourceTree = "<group>"; };
		C255D69A1E56BFA000455B47 /* DateCollectionViewDataSource.swift */ = {isa = PBXFileReference; fileEncoding = 4; lastKnownFileType = sourcecode.swift; path = DateCollectionViewDataSource.swift; sourceTree = "<group>"; };
		C255D69C1E56CE9100455B47 /* TimeModel.swift */ = {isa = PBXFileReference; fileEncoding = 4; lastKnownFileType = sourcecode.swift; path = TimeModel.swift; sourceTree = "<group>"; };
		C255D69E1E56CEA500455B47 /* TimeCollectionViewDataSource.swift */ = {isa = PBXFileReference; fileEncoding = 4; lastKnownFileType = sourcecode.swift; path = TimeCollectionViewDataSource.swift; sourceTree = "<group>"; };
		C255D6A01E56CEBC00455B47 /* TimeCollectionViewCell.swift */ = {isa = PBXFileReference; fileEncoding = 4; lastKnownFileType = sourcecode.swift; path = TimeCollectionViewCell.swift; sourceTree = "<group>"; };
		C255D6A21E573ECC00455B47 /* MassageOptionVC.swift */ = {isa = PBXFileReference; fileEncoding = 4; lastKnownFileType = sourcecode.swift; path = MassageOptionVC.swift; sourceTree = "<group>"; };
		C255D6A41E576A0200455B47 /* TimeCustomFlowLayout.swift */ = {isa = PBXFileReference; fileEncoding = 4; lastKnownFileType = sourcecode.swift; path = TimeCustomFlowLayout.swift; sourceTree = "<group>"; };
		C255D6A61E5775CE00455B47 /* DateCustomFlowLayout.swift */ = {isa = PBXFileReference; fileEncoding = 4; lastKnownFileType = sourcecode.swift; path = DateCustomFlowLayout.swift; sourceTree = "<group>"; };
		C255D6A91E578CE500455B47 /* PickerViewDataSource.swift */ = {isa = PBXFileReference; fileEncoding = 4; lastKnownFileType = sourcecode.swift; path = PickerViewDataSource.swift; sourceTree = "<group>"; };
		C255D6AB1E578EB200455B47 /* PickerModel.swift */ = {isa = PBXFileReference; fileEncoding = 4; lastKnownFileType = sourcecode.swift; path = PickerModel.swift; sourceTree = "<group>"; };
		C255D6AD1E59079300455B47 /* MyReservationVC.swift */ = {isa = PBXFileReference; fileEncoding = 4; lastKnownFileType = sourcecode.swift; path = MyReservationVC.swift; sourceTree = "<group>"; };
		C255D6AF1E590D6D00455B47 /* MyReservationDataSource.swift */ = {isa = PBXFileReference; fileEncoding = 4; lastKnownFileType = sourcecode.swift; path = MyReservationDataSource.swift; sourceTree = "<group>"; };
		C255D6B11E59102F00455B47 /* MyReservationViewCell.swift */ = {isa = PBXFileReference; fileEncoding = 4; lastKnownFileType = sourcecode.swift; path = MyReservationViewCell.swift; sourceTree = "<group>"; };
		C255D6B31E591B3A00455B47 /* MyReservationCustomFlowLayout.swift */ = {isa = PBXFileReference; fileEncoding = 4; lastKnownFileType = sourcecode.swift; path = MyReservationCustomFlowLayout.swift; sourceTree = "<group>"; };
		C255D6B91E59659200455B47 /* WFCodingChallenge.xcdatamodel */ = {isa = PBXFileReference; lastKnownFileType = wrapper.xcdatamodel; path = WFCodingChallenge.xcdatamodel; sourceTree = "<group>"; };
		C255D6EF1E596D6700455B47 /* CoreDataStack.swift */ = {isa = PBXFileReference; fileEncoding = 4; lastKnownFileType = sourcecode.swift; path = CoreDataStack.swift; sourceTree = "<group>"; };
		C2CCE5761E55A0F20045BBC1 /* WFcodingChallenge.app */ = {isa = PBXFileReference; explicitFileType = wrapper.application; includeInIndex = 0; path = WFcodingChallenge.app; sourceTree = BUILT_PRODUCTS_DIR; };
		C2CCE5791E55A0F20045BBC1 /* AppDelegate.swift */ = {isa = PBXFileReference; lastKnownFileType = sourcecode.swift; path = AppDelegate.swift; sourceTree = "<group>"; };
		C2CCE57E1E55A0F20045BBC1 /* Base */ = {isa = PBXFileReference; lastKnownFileType = file.storyboard; name = Base; path = Base.lproj/Main.storyboard; sourceTree = "<group>"; };
		C2CCE5801E55A0F20045BBC1 /* Assets.xcassets */ = {isa = PBXFileReference; lastKnownFileType = folder.assetcatalog; path = Assets.xcassets; sourceTree = "<group>"; };
		C2CCE5831E55A0F20045BBC1 /* Base */ = {isa = PBXFileReference; lastKnownFileType = file.storyboard; name = Base; path = Base.lproj/LaunchScreen.storyboard; sourceTree = "<group>"; };
		C2CCE5851E55A0F20045BBC1 /* Info.plist */ = {isa = PBXFileReference; lastKnownFileType = text.plist.xml; path = Info.plist; sourceTree = "<group>"; };
		C2CCE58B1E55A49B0045BBC1 /* SpaServiceVC.swift */ = {isa = PBXFileReference; fileEncoding = 4; lastKnownFileType = sourcecode.swift; path = SpaServiceVC.swift; sourceTree = "<group>"; };
		C2CCE58D1E55DE820045BBC1 /* ScheduleVC.swift */ = {isa = PBXFileReference; fileEncoding = 4; lastKnownFileType = sourcecode.swift; path = ScheduleVC.swift; sourceTree = "<group>"; };
		C2CCE5901E55E5450045BBC1 /* ScrollView.swift */ = {isa = PBXFileReference; fileEncoding = 4; lastKnownFileType = sourcecode.swift; path = ScrollView.swift; sourceTree = "<group>"; };
/* End PBXFileReference section */

/* Begin PBXFrameworksBuildPhase section */
		C2CCE5731E55A0F20045BBC1 /* Frameworks */ = {
			isa = PBXFrameworksBuildPhase;
			buildActionMask = 2147483647;
			files = (
			);
			runOnlyForDeploymentPostprocessing = 0;
		};
/* End PBXFrameworksBuildPhase section */

/* Begin PBXGroup section */
		C255D6C21E59674D00455B47 /* Core Data */ = {
			isa = PBXGroup;
			children = (
			);
			name = "Core Data";
			sourceTree = "<group>";
		};
		C255D6C31E59679C00455B47 /* Service */ = {
			isa = PBXGroup;
			children = (
				C255D6EF1E596D6700455B47 /* CoreDataStack.swift */,
			);
			name = Service;
			sourceTree = "<group>";
		};
		C2CCE56D1E55A0F20045BBC1 = {
			isa = PBXGroup;
			children = (
				C2CCE5781E55A0F20045BBC1 /* WFcodingChallenge */,
				C2CCE5771E55A0F20045BBC1 /* Products */,
			);
			sourceTree = "<group>";
		};
		C2CCE5771E55A0F20045BBC1 /* Products */ = {
			isa = PBXGroup;
			children = (
				C2CCE5761E55A0F20045BBC1 /* WFcodingChallenge.app */,
			);
			name = Products;
			sourceTree = "<group>";
		};
		C2CCE5781E55A0F20045BBC1 /* WFcodingChallenge */ = {
			isa = PBXGroup;
			children = (
				C255D6C31E59679C00455B47 /* Service */,
				C2CCE5931E55E5560045BBC1 /* Model */,
				C2CCE5921E55E54D0045BBC1 /* View */,
				C2CCE58F1E55DE880045BBC1 /* ViewControllers */,
				C2CCE5791E55A0F20045BBC1 /* AppDelegate.swift */,
				C2CCE57D1E55A0F20045BBC1 /* Main.storyboard */,
				C2CCE5801E55A0F20045BBC1 /* Assets.xcassets */,
				C2CCE5821E55A0F20045BBC1 /* LaunchScreen.storyboard */,
				C2CCE5851E55A0F20045BBC1 /* Info.plist */,
				C255D6B81E59659200455B47 /* WFCodingChallenge.xcdatamodeld */,
			);
			path = WFcodingChallenge;
			sourceTree = "<group>";
		};
		C2CCE58F1E55DE880045BBC1 /* ViewControllers */ = {
			isa = PBXGroup;
			children = (
				C255D6AD1E59079300455B47 /* MyReservationVC.swift */,
				C2CCE58B1E55A49B0045BBC1 /* SpaServiceVC.swift */,
				C2CCE58D1E55DE820045BBC1 /* ScheduleVC.swift */,
				C255D6A21E573ECC00455B47 /* MassageOptionVC.swift */,
				C255D6921E568C3300455B47 /* DateCollectionVC.swift */,
				C255D6941E568C4800455B47 /* TimeCollectionVC.swift */,
			);
			name = ViewControllers;
			sourceTree = "<group>";
		};
		C2CCE5921E55E54D0045BBC1 /* View */ = {
			isa = PBXGroup;
			children = (
				C2CCE5901E55E5450045BBC1 /* ScrollView.swift */,
				C255D6861E5674DD00455B47 /* DateCollectionViewCell.swift */,
				C255D6A61E5775CE00455B47 /* DateCustomFlowLayout.swift */,
				C255D6A01E56CEBC00455B47 /* TimeCollectionViewCell.swift */,
				C255D6A41E576A0200455B47 /* TimeCustomFlowLayout.swift */,
				C255D6B11E59102F00455B47 /* MyReservationViewCell.swift */,
				C255D6B31E591B3A00455B47 /* MyReservationCustomFlowLayout.swift */,
			);
			name = View;
			sourceTree = "<group>";
		};
		C2CCE5931E55E5560045BBC1 /* Model */ = {
			isa = PBXGroup;
			children = (
				C255D6981E56BB6B00455B47 /* DateModel.swift */,
				C255D69A1E56BFA000455B47 /* DateCollectionViewDataSource.swift */,
				C255D69C1E56CE9100455B47 /* TimeModel.swift */,
				C255D69E1E56CEA500455B47 /* TimeCollectionViewDataSource.swift */,
				C255D6AB1E578EB200455B47 /* PickerModel.swift */,
				C255D6A91E578CE500455B47 /* PickerViewDataSource.swift */,
				C255D6AF1E590D6D00455B47 /* MyReservationDataSource.swift */,
				C255D6C21E59674D00455B47 /* Core Data */,
			);
			name = Model;
			sourceTree = "<group>";
		};
/* End PBXGroup section */

/* Begin PBXNativeTarget section */
		C2CCE5751E55A0F20045BBC1 /* WFcodingChallenge */ = {
			isa = PBXNativeTarget;
			buildConfigurationList = C2CCE5881E55A0F20045BBC1 /* Build configuration list for PBXNativeTarget "WFcodingChallenge" */;
			buildPhases = (
				C2CCE5721E55A0F20045BBC1 /* Sources */,
				C2CCE5731E55A0F20045BBC1 /* Frameworks */,
				C2CCE5741E55A0F20045BBC1 /* Resources */,
			);
			buildRules = (
			);
			dependencies = (
			);
			name = WFcodingChallenge;
			productName = WFcodingChallenge;
			productReference = C2CCE5761E55A0F20045BBC1 /* WFcodingChallenge.app */;
			productType = "com.apple.product-type.application";
		};
/* End PBXNativeTarget section */

/* Begin PBXProject section */
		C2CCE56E1E55A0F20045BBC1 /* Project object */ = {
			isa = PBXProject;
			attributes = {
				LastSwiftUpdateCheck = 0820;
				LastUpgradeCheck = 0820;
				ORGANIZATIONNAME = "AR-T.com, Inc.";
				TargetAttributes = {
					C2CCE5751E55A0F20045BBC1 = {
						CreatedOnToolsVersion = 8.2.1;
						DevelopmentTeam = FYX37TYYH9;
						ProvisioningStyle = Automatic;
					};
				};
			};
			buildConfigurationList = C2CCE5711E55A0F20045BBC1 /* Build configuration list for PBXProject "WFcodingChallenge" */;
			compatibilityVersion = "Xcode 3.2";
			developmentRegion = English;
			hasScannedForEncodings = 0;
			knownRegions = (
				en,
				Base,
			);
			mainGroup = C2CCE56D1E55A0F20045BBC1;
			productRefGroup = C2CCE5771E55A0F20045BBC1 /* Products */;
			projectDirPath = "";
			projectRoot = "";
			targets = (
				C2CCE5751E55A0F20045BBC1 /* WFcodingChallenge */,
			);
		};
/* End PBXProject section */

/* Begin PBXResourcesBuildPhase section */
		C2CCE5741E55A0F20045BBC1 /* Resources */ = {
			isa = PBXResourcesBuildPhase;
			buildActionMask = 2147483647;
			files = (
				C2CCE5841E55A0F20045BBC1 /* LaunchScreen.storyboard in Resources */,
				C2CCE5811E55A0F20045BBC1 /* Assets.xcassets in Resources */,
				C2CCE57F1E55A0F20045BBC1 /* Main.storyboard in Resources */,
			);
			runOnlyForDeploymentPostprocessing = 0;
		};
/* End PBXResourcesBuildPhase section */

/* Begin PBXSourcesBuildPhase section */
		C2CCE5721E55A0F20045BBC1 /* Sources */ = {
			isa = PBXSourcesBuildPhase;
			buildActionMask = 2147483647;
			files = (
				C2CCE57A1E55A0F20045BBC1 /* AppDelegate.swift in Sources */,
				C255D6A11E56CEBC00455B47 /* TimeCollectionViewCell.swift in Sources */,
				C255D6A31E573ECC00455B47 /* MassageOptionVC.swift in Sources */,
				C255D6AE1E59079300455B47 /* MyReservationVC.swift in Sources */,
				C2CCE5911E55E5450045BBC1 /* ScrollView.swift in Sources */,
				C2CCE58C1E55A49B0045BBC1 /* SpaServiceVC.swift in Sources */,
				C255D6B01E590D6D00455B47 /* MyReservationDataSource.swift in Sources */,
				C2CCE58E1E55DE820045BBC1 /* ScheduleVC.swift in Sources */,
				C255D69F1E56CEA500455B47 /* TimeCollectionViewDataSource.swift in Sources */,
				C255D6A51E576A0200455B47 /* TimeCustomFlowLayout.swift in Sources */,
				C255D6B41E591B3A00455B47 /* MyReservationCustomFlowLayout.swift in Sources */,
				C255D69D1E56CE9100455B47 /* TimeModel.swift in Sources */,
				C255D6AA1E578CE500455B47 /* PickerViewDataSource.swift in Sources */,
				C255D6991E56BB6B00455B47 /* DateModel.swift in Sources */,
				C255D6A71E5775CE00455B47 /* DateCustomFlowLayout.swift in Sources */,
				C255D69B1E56BFA000455B47 /* DateCollectionViewDataSource.swift in Sources */,
				C255D6F01E596D6700455B47 /* CoreDataStack.swift in Sources */,
				C255D6931E568C3300455B47 /* DateCollectionVC.swift in Sources */,
				C255D6951E568C4800455B47 /* TimeCollectionVC.swift in Sources */,
				C255D6B21E59102F00455B47 /* MyReservationViewCell.swift in Sources */,
				C255D6871E5674DD00455B47 /* DateCollectionViewCell.swift in Sources */,
				C255D6BA1E59659200455B47 /* WFCodingChallenge.xcdatamodeld in Sources */,
				C255D6AC1E578EB200455B47 /* PickerModel.swift in Sources */,
			);
			runOnlyForDeploymentPostprocessing = 0;
		};
/* End PBXSourcesBuildPhase section */

/* Begin PBXVariantGroup section */
		C2CCE57D1E55A0F20045BBC1 /* Main.storyboard */ = {
			isa = PBXVariantGroup;
			children = (
				C2CCE57E1E55A0F20045BBC1 /* Base */,
			);
			name = Main.storyboard;
			sourceTree = "<group>";
		};
		C2CCE5821E55A0F20045BBC1 /* LaunchScreen.storyboard */ = {
			isa = PBXVariantGroup;
			children = (
				C2CCE5831E55A0F20045BBC1 /* Base */,
			);
			name = LaunchScreen.storyboard;
			sourceTree = "<group>";
		};
/* End PBXVariantGroup section */

/* Begin XCBuildConfiguration section */
		C2CCE5861E55A0F20045BBC1 /* Debug */ = {
			isa = XCBuildConfiguration;
			buildSettings = {
				ALWAYS_SEARCH_USER_PATHS = NO;
				CLANG_ANALYZER_NONNULL = YES;
				CLANG_CXX_LANGUAGE_STANDARD = "gnu++0x";
				CLANG_CXX_LIBRARY = "libc++";
				CLANG_ENABLE_MODULES = YES;
				CLANG_ENABLE_OBJC_ARC = YES;
				CLANG_WARN_BOOL_CONVERSION = YES;
				CLANG_WARN_CONSTANT_CONVERSION = YES;
				CLANG_WARN_DIRECT_OBJC_ISA_USAGE = YES_ERROR;
				CLANG_WARN_DOCUMENTATION_COMMENTS = YES;
				CLANG_WARN_EMPTY_BODY = YES;
				CLANG_WARN_ENUM_CONVERSION = YES;
				CLANG_WARN_INFINITE_RECURSION = YES;
				CLANG_WARN_INT_CONVERSION = YES;
				CLANG_WARN_OBJC_ROOT_CLASS = YES_ERROR;
				CLANG_WARN_SUSPICIOUS_MOVE = YES;
				CLANG_WARN_UNREACHABLE_CODE = YES;
				CLANG_WARN__DUPLICATE_METHOD_MATCH = YES;
				"CODE_SIGN_IDENTITY[sdk=iphoneos*]" = "iPhone Developer";
				COPY_PHASE_STRIP = NO;
				DEBUG_INFORMATION_FORMAT = dwarf;
				ENABLE_STRICT_OBJC_MSGSEND = YES;
				ENABLE_TESTABILITY = YES;
				GCC_C_LANGUAGE_STANDARD = gnu99;
				GCC_DYNAMIC_NO_PIC = NO;
				GCC_NO_COMMON_BLOCKS = YES;
				GCC_OPTIMIZATION_LEVEL = 0;
				GCC_PREPROCESSOR_DEFINITIONS = (
					"DEBUG=1",
					"$(inherited)",
				);
				GCC_WARN_64_TO_32_BIT_CONVERSION = YES;
				GCC_WARN_ABOUT_RETURN_TYPE = YES_ERROR;
				GCC_WARN_UNDECLARED_SELECTOR = YES;
				GCC_WARN_UNINITIALIZED_AUTOS = YES_AGGRESSIVE;
				GCC_WARN_UNUSED_FUNCTION = YES;
				GCC_WARN_UNUSED_VARIABLE = YES;
				IPHONEOS_DEPLOYMENT_TARGET = 10.2;
				MTL_ENABLE_DEBUG_INFO = YES;
				ONLY_ACTIVE_ARCH = YES;
				SDKROOT = iphoneos;
				SWIFT_ACTIVE_COMPILATION_CONDITIONS = DEBUG;
				SWIFT_OPTIMIZATION_LEVEL = "-Onone";
			};
			name = Debug;
		};
		C2CCE5871E55A0F20045BBC1 /* Release */ = {
			isa = XCBuildConfiguration;
			buildSettings = {
				ALWAYS_SEARCH_USER_PATHS = NO;
				CLANG_ANALYZER_NONNULL = YES;
				CLANG_CXX_LANGUAGE_STANDARD = "gnu++0x";
				CLANG_CXX_LIBRARY = "libc++";
				CLANG_ENABLE_MODULES = YES;
				CLANG_ENABLE_OBJC_ARC = YES;
				CLANG_WARN_BOOL_CONVERSION = YES;
				CLANG_WARN_CONSTANT_CONVERSION = YES;
				CLANG_WARN_DIRECT_OBJC_ISA_USAGE = YES_ERROR;
				CLANG_WARN_DOCUMENTATION_COMMENTS = YES;
				CLANG_WARN_EMPTY_BODY = YES;
				CLANG_WARN_ENUM_CONVERSION = YES;
				CLANG_WARN_INFINITE_RECURSION = YES;
				CLANG_WARN_INT_CONVERSION = YES;
				CLANG_WARN_OBJC_ROOT_CLASS = YES_ERROR;
				CLANG_WARN_SUSPICIOUS_MOVE = YES;
				CLANG_WARN_UNREACHABLE_CODE = YES;
				CLANG_WARN__DUPLICATE_METHOD_MATCH = YES;
				"CODE_SIGN_IDENTITY[sdk=iphoneos*]" = "iPhone Developer";
				COPY_PHASE_STRIP = NO;
				DEBUG_INFORMATION_FORMAT = "dwarf-with-dsym";
				ENABLE_NS_ASSERTIONS = NO;
				ENABLE_STRICT_OBJC_MSGSEND = YES;
				GCC_C_LANGUAGE_STANDARD = gnu99;
				GCC_NO_COMMON_BLOCKS = YES;
				GCC_WARN_64_TO_32_BIT_CONVERSION = YES;
				GCC_WARN_ABOUT_RETURN_TYPE = YES_ERROR;
				GCC_WARN_UNDECLARED_SELECTOR = YES;
				GCC_WARN_UNINITIALIZED_AUTOS = YES_AGGRESSIVE;
				GCC_WARN_UNUSED_FUNCTION = YES;
				GCC_WARN_UNUSED_VARIABLE = YES;
				IPHONEOS_DEPLOYMENT_TARGET = 10.2;
				MTL_ENABLE_DEBUG_INFO = NO;
				SDKROOT = iphoneos;
				SWIFT_OPTIMIZATION_LEVEL = "-Onone";
				VALIDATE_PRODUCT = YES;
			};
			name = Release;
		};
		C2CCE5891E55A0F20045BBC1 /* Debug */ = {
			isa = XCBuildConfiguration;
			buildSettings = {
				ASSETCATALOG_COMPILER_APPICON_NAME = AppIcon;
				DEVELOPMENT_TEAM = FYX37TYYH9;
				INFOPLIST_FILE = WFcodingChallenge/Info.plist;
				LD_RUNPATH_SEARCH_PATHS = "$(inherited) @executable_path/Frameworks";
				PRODUCT_BUNDLE_IDENTIFIER = "com.AR-T.WFcodingChallenge";
				PRODUCT_NAME = "$(TARGET_NAME)";
				SWIFT_VERSION = 3.0;
			};
			name = Debug;
		};
		C2CCE58A1E55A0F20045BBC1 /* Release */ = {
			isa = XCBuildConfiguration;
			buildSettings = {
				ASSETCATALOG_COMPILER_APPICON_NAME = AppIcon;
				DEVELOPMENT_TEAM = FYX37TYYH9;
				INFOPLIST_FILE = WFcodingChallenge/Info.plist;
				LD_RUNPATH_SEARCH_PATHS = "$(inherited) @executable_path/Frameworks";
				PRODUCT_BUNDLE_IDENTIFIER = "com.AR-T.WFcodingChallenge";
				PRODUCT_NAME = "$(TARGET_NAME)";
				SWIFT_VERSION = 3.0;
			};
			name = Release;
		};
/* End XCBuildConfiguration section */

/* Begin XCConfigurationList section */
		C2CCE5711E55A0F20045BBC1 /* Build configuration list for PBXProject "WFcodingChallenge" */ = {
			isa = XCConfigurationList;
			buildConfigurations = (
				C2CCE5861E55A0F20045BBC1 /* Debug */,
				C2CCE5871E55A0F20045BBC1 /* Release */,
			);
			defaultConfigurationIsVisible = 0;
			defaultConfigurationName = Release;
		};
		C2CCE5881E55A0F20045BBC1 /* Build configuration list for PBXNativeTarget "WFcodingChallenge" */ = {
			isa = XCConfigurationList;
			buildConfigurations = (
				C2CCE5891E55A0F20045BBC1 /* Debug */,
				C2CCE58A1E55A0F20045BBC1 /* Release */,
			);
			defaultConfigurationIsVisible = 0;
			defaultConfigurationName = Release;
		};
/* End XCConfigurationList section */

/* Begin XCVersionGroup section */
		C255D6B81E59659200455B47 /* WFCodingChallenge.xcdatamodeld */ = {
			isa = XCVersionGroup;
			children = (
				C255D6B91E59659200455B47 /* WFCodingChallenge.xcdatamodel */,
			);
			currentVersion = C255D6B91E59659200455B47 /* WFCodingChallenge.xcdatamodel */;
			name = WFCodingChallenge.xcdatamodeld;
			path = ../WFCodingChallenge.xcdatamodeld;
			sourceTree = "<group>";
			versionGroupType = wrapper.xcdatamodel;
		};
/* End XCVersionGroup section */
	};
	rootObject = C2CCE56E1E55A0F20045BBC1 /* Project object */;
}
